
Microsoft Visual Studio Solution File, Format Version 12.00
# Visual Studio Version 17
VisualStudioVersion = 17.3.32819.101
MinimumVisualStudioVersion = 10.0.40219.1
Project("{FAE04EC0-301F-11D3-BF4B-00C04F79EFBC}") = "WebBanDT", "WebBanDT\WebBanDT.csproj", "{A350A2A3-5A8B-4FC4-B58C-1A90EF6F7831}"
EndProject
Global
	GlobalSection(SolutionConfigurationPlatforms) = preSolution
		Debug|Any CPU = Debug|Any CPU
		Release|Any CPU = Release|Any CPU
	EndGlobalSection
	GlobalSection(ProjectConfigurationPlatforms) = postSolution
		{A350A2A3-5A8B-4FC4-B58C-1A90EF6F7831}.Debug|Any CPU.ActiveCfg = Debug|Any CPU
		{A350A2A3-5A8B-4FC4-B58C-1A90EF6F7831}.Debug|Any CPU.Build.0 = Debug|Any CPU
		{A350A2A3-5A8B-4FC4-B58C-1A90EF6F7831}.Release|Any CPU.ActiveCfg = Release|Any CPU
		{A350A2A3-5A8B-4FC4-B58C-1A90EF6F7831}.Release|Any CPU.Build.0 = Release|Any CPU
	EndGlobalSection
	GlobalSection(SolutionProperties) = preSolution
		HideSolutionNode = FALSE
	EndGlobalSection
	GlobalSection(ExtensibilityGlobals) = postSolution
		SolutionGuid = {7E51A0D2-D5CD-407D-9940-11959F2B68C5}
	EndGlobalSection
EndGlobal
